{
  "name": "localrotatingproxies",
  "version": "1.0.0",
  "lockfileVersion": 2,
  "requires": true,
  "packages": {
    "": {
      "name": "localrotatingproxies",
      "version": "1.0.0",
      "license": "ISC",
      "dependencies": {
        "proxy-chain": "^1.0.4"
      }
    },
    "node_modules/proxy-chain": {
      "version": "1.0.4",
      "resolved": "https://registry.npmjs.org/proxy-chain/-/proxy-chain-1.0.4.tgz",
      "integrity": "sha512-KlEOQoN4Y7dEZqikmhbtSnh1c/MjF9t8UWx4yh/2Bdkb5CnQcepM0iHU7O1MkgDTUdD1a+YwDFDJRB/xCrOyCA==",
      "dependencies": {
        "underscore": "^1.9.1"
      },
      "engines": {
        "node": ">=10"
      }
    },
    "node_modules/underscore": {
      "version": "1.13.1",
      "resolved": "https://registry.npmjs.org/underscore/-/underscore-1.13.1.tgz",
      "integrity": "sha512-hzSoAVtJF+3ZtiFX0VgfFPHEDRm7Y/QPjGyNo4TVdnDTdft3tr8hEkD25a1jC+TjTuE7tkHGKkhwCgs9dgBB2g=="
    }
  },
  "dependencies": {
    "proxy-chain": {
      "version": "1.0.4",
      "resolved": "https://registry.npmjs.org/proxy-chain/-/proxy-chain-1.0.4.tgz",
      "integrity": "sha512-KlEOQoN4Y7dEZqikmhbtSnh1c/MjF9t8UWx4yh/2Bdkb5CnQcepM0iHU7O1MkgDTUdD1a+YwDFDJRB/xCrOyCA==",
      "requires": {
        "underscore": "^1.9.1"
      }
    },
    "underscore": {
      "version": "1.13.1",
      "resolved": "https://registry.npmjs.org/underscore/-/underscore-1.13.1.tgz",
      "integrity": "sha512-hzSoAVtJF+3ZtiFX0VgfFPHEDRm7Y/QPjGyNo4TVdnDTdft3tr8hEkD25a1jC+TjTuE7tkHGKkhwCgs9dgBB2g=="
    }
  }
}
